
Microsoft Visual Studio Solution File, Format Version 12.00
# Visual Studio Version 16
VisualStudioVersion = 16.0.29509.3
MinimumVisualStudioVersion = 10.0.40219.1
Project("{FAE04EC0-301F-11D3-BF4B-00C04F79EFBC}") = "RealSuperHeros", "RealSuperHeros\RealSuperHeros.csproj", "{64EA17A6-E0C6-495E-B095-39301E139536}"
EndProject
Global
	GlobalSection(SolutionConfigurationPlatforms) = preSolution
		Debug|Any CPU = Debug|Any CPU
		Release|Any CPU = Release|Any CPU
	EndGlobalSection
	GlobalSection(ProjectConfigurationPlatforms) = postSolution
		{64EA17A6-E0C6-495E-B095-39301E139536}.Debug|Any CPU.ActiveCfg = Debug|Any CPU
		{64EA17A6-E0C6-495E-B095-39301E139536}.Debug|Any CPU.Build.0 = Debug|Any CPU
		{64EA17A6-E0C6-495E-B095-39301E139536}.Release|Any CPU.ActiveCfg = Release|Any CPU
		{64EA17A6-E0C6-495E-B095-39301E139536}.Release|Any CPU.Build.0 = Release|Any CPU
	EndGlobalSection
	GlobalSection(SolutionProperties) = preSolution
		HideSolutionNode = FALSE
	EndGlobalSection
	GlobalSection(ExtensibilityGlobals) = postSolution
		SolutionGuid = {A0A2E3EF-5864-4AE6-970F-572469CCBB50}
	EndGlobalSection
EndGlobal
